
Microsoft Visual Studio Solution File, Format Version 12.00
# Visual Studio Version 17
VisualStudioVersion = 17.9.34622.214
MinimumVisualStudioVersion = 10.0.40219.1
Project("{9A19103F-16F7-4668-BE54-9A1E7A4F7556}") = "CDN.Application", "CDN.Application\CDN.Application.csproj", "{7A56060E-0ECD-445F-B8CC-965B05957C49}"
EndProject
Project("{9A19103F-16F7-4668-BE54-9A1E7A4F7556}") = "CDN.Core", "CDN.Core\CDN.Core.csproj", "{62802ABB-D902-4868-9D47-0042C0392B0D}"
EndProject
Project("{FAE04EC0-301F-11D3-BF4B-00C04F79EFBC}") = "CDN", "CDN\CDN.csproj", "{CE4267A2-0C90-4B7D-BE49-91BC4A867C2E}"
EndProject
Global
	GlobalSection(SolutionConfigurationPlatforms) = preSolution
		Debug|Any CPU = Debug|Any CPU
		Release|Any CPU = Release|Any CPU
	EndGlobalSection
	GlobalSection(ProjectConfigurationPlatforms) = postSolution
		{7A56060E-0ECD-445F-B8CC-965B05957C49}.Debug|Any CPU.ActiveCfg = Debug|Any CPU
		{7A56060E-0ECD-445F-B8CC-965B05957C49}.Debug|Any CPU.Build.0 = Debug|Any CPU
		{7A56060E-0ECD-445F-B8CC-965B05957C49}.Release|Any CPU.ActiveCfg = Release|Any CPU
		{7A56060E-0ECD-445F-B8CC-965B05957C49}.Release|Any CPU.Build.0 = Release|Any CPU
		{62802ABB-D902-4868-9D47-0042C0392B0D}.Debug|Any CPU.ActiveCfg = Debug|Any CPU
		{62802ABB-D902-4868-9D47-0042C0392B0D}.Debug|Any CPU.Build.0 = Debug|Any CPU
		{62802ABB-D902-4868-9D47-0042C0392B0D}.Release|Any CPU.ActiveCfg = Release|Any CPU
		{62802ABB-D902-4868-9D47-0042C0392B0D}.Release|Any CPU.Build.0 = Release|Any CPU
		{CE4267A2-0C90-4B7D-BE49-91BC4A867C2E}.Debug|Any CPU.ActiveCfg = Debug|Any CPU
		{CE4267A2-0C90-4B7D-BE49-91BC4A867C2E}.Debug|Any CPU.Build.0 = Debug|Any CPU
		{CE4267A2-0C90-4B7D-BE49-91BC4A867C2E}.Release|Any CPU.ActiveCfg = Release|Any CPU
		{CE4267A2-0C90-4B7D-BE49-91BC4A867C2E}.Release|Any CPU.Build.0 = Release|Any CPU
	EndGlobalSection
	GlobalSection(SolutionProperties) = preSolution
		HideSolutionNode = FALSE
	EndGlobalSection
	GlobalSection(ExtensibilityGlobals) = postSolution
		SolutionGuid = {282023F5-C2EA-4690-86A2-AA4856B36E84}
	EndGlobalSection
EndGlobal
